{
    "_readme": [
        "This file locks the dependencies of your project to a known state",
        "Read more about it at https://getcomposer.org/doc/01-basic-usage.md#composer-lock-the-lock-file",
        "This file is @generated automatically"
    ],
    "hash": "4142d9441b01bd41b31c08466e238af6",
    "content-hash": "251f83b78c5609a0a271e4781fb626c9",
    "packages": [
        {
            "name": "be2bill/php-merchant-api",
            "version": "1.4.1",
            "source": {
                "type": "git",
                "url": "https://github.com/be2bill/php-merchant-api.git",
                "reference": "2a978399cac14df83b5973a29bb51804a133d690"
            },
            "dist": {
                "type": "zip",
                "url": "https://api.github.com/repos/be2bill/php-merchant-api/zipball/2a978399cac14df83b5973a29bb51804a133d690",
                "reference": "2a978399cac14df83b5973a29bb51804a133d690",
                "shasum": ""
            },
            "require": {
                "ext-curl": "*",
                "php": ">=5.2.0"
            },
            "require-dev": {
                "phpunit/phpunit": ">=3.6.0"
            },
            "type": "library",
            "autoload": {
                "psr-0": {
                    "Be2bill_Api_": "src/"
                }
            },
            "notification-url": "https://packagist.org/downloads/",
            "license": [
                "BSD-3-Clause"
            ],
            "description": "Be2bill PHP merchant API",
            "homepage": "http://developer.be2bill.com/",
            "keywords": [
                "american express",
                "amex",
                "be2bill",
                "mastercard",
                "payment",
                "php",
                "psp",
                "visa"
            ],
            "time": "2015-10-06 15:22:58"
        },
        {
            "name": "mandrill/mandrill",
            "version": "1.0.55",
            "source": {
                "type": "git",
                "url": "https://bitbucket.org/mailchimp/mandrill-api-php.git",
                "reference": "da3adc10042eafac2e53de141b358a52b8e53596"
            },
            "dist": {
                "type": "zip",
                "url": "https://bitbucket.org/mailchimp/mandrill-api-php/get/da3adc10042eafac2e53de141b358a52b8e53596.zip",
                "reference": "da3adc10042eafac2e53de141b358a52b8e53596",
                "shasum": ""
            },
            "require": {
                "php": ">=5.2.0"
            },
            "type": "library",
            "autoload": {
                "psr-0": {
                    "Mandrill": "src/"
                }
            },
            "notification-url": "https://packagist.org/downloads/",
            "license": [
                "Apache-2.0"
            ],
            "authors": [
                {
                    "name": "Mandrill Devs",
                    "email": "community@mandrill.com",
                    "homepage": "http://mandrill.com",
                    "role": "Developer"
                }
            ],
            "description": "API client library for the Mandrill email as a service platform",
            "homepage": "https://bitbucket.org/mailchimp/mandrill-api-php",
            "keywords": [
                "api",
                "email"
            ],
            "time": "2015-09-22 13:58:03"
        }
    ],
    "packages-dev": [],
    "aliases": [],
    "minimum-stability": "stable",
    "stability-flags": [],
    "prefer-stable": false,
    "prefer-lowest": false,
    "platform": [],
    "platform-dev": []
}
